// !$*UTF8*$!
{
	archiveVersion = 1;
	classes = {
	};
	objectVersion = 50;
	objects = {

/* Begin PBXBuildFile section */
		843B35292873802D000F0978 /* AppDelegate.swift in Sources */ = {isa = PBXBuildFile; fileRef = 843B35282873802D000F0978 /* AppDelegate.swift */; };
		843B352D2873802D000F0978 /* MainViewController.swift in Sources */ = {isa = PBXBuildFile; fileRef = 843B352C2873802D000F0978 /* MainViewController.swift */; };
		843B353228738030000F0978 /* Assets.xcassets in Resources */ = {isa = PBXBuildFile; fileRef = 843B353128738030000F0978 /* Assets.xcassets */; };
		843B353528738030000F0978 /* LaunchScreen.storyboard in Resources */ = {isa = PBXBuildFile; fileRef = 843B353328738030000F0978 /* LaunchScreen.storyboard */; };
		843B354928738F7E000F0978 /* test.mp4 in Resources */ = {isa = PBXBuildFile; fileRef = 843B354728738F5C000F0978 /* test.mp4 */; };
		843B354C2873A717000F0978 /* Triangle.swift in Sources */ = {isa = PBXBuildFile; fileRef = 843B354B2873A717000F0978 /* Triangle.swift */; };
		8459AFC2287634EC001049AE /* SimonWedgeView.swift in Sources */ = {isa = PBXBuildFile; fileRef = 8459AFC1287634EC001049AE /* SimonWedgeView.swift */; };
		8459AFC728764068001049AE /* VideoLooperView.swift in Sources */ = {isa = PBXBuildFile; fileRef = 8459AFC628764068001049AE /* VideoLooperView.swift */; };
		8459AFCB287641DB001049AE /* VideoPlayerView.swift in Sources */ = {isa = PBXBuildFile; fileRef = 8459AFCA287641DB001049AE /* VideoPlayerView.swift */; };
		8459AFCE28764277001049AE /* Sea.mp4 in Resources */ = {isa = PBXBuildFile; fileRef = 8459AFCD28764273001049AE /* Sea.mp4 */; };
/* End PBXBuildFile section */

/* Begin PBXFileReference section */
		843B35252873802D000F0978 /* MobileTapInteractive.app */ = {isa = PBXFileReference; explicitFileType = wrapper.application; includeInIndex = 0; path = MobileTapInteractive.app; sourceTree = BUILT_PRODUCTS_DIR; };
		843B35282873802D000F0978 /* AppDelegate.swift */ = {isa = PBXFileReference; lastKnownFileType = sourcecode.swift; path = AppDelegate.swift; sourceTree = "<group>"; };
		843B352C2873802D000F0978 /* MainViewController.swift */ = {isa = PBXFileReference; lastKnownFileType = sourcecode.swift; path = MainViewController.swift; sourceTree = "<group>"; };
		843B353128738030000F0978 /* Assets.xcassets */ = {isa = PBXFileReference; lastKnownFileType = folder.assetcatalog; path = Assets.xcassets; sourceTree = "<group>"; };
		843B353428738030000F0978 /* Base */ = {isa = PBXFileReference; lastKnownFileType = file.storyboard; name = Base; path = Base.lproj/LaunchScreen.storyboard; sourceTree = "<group>"; };
		843B353628738030000F0978 /* Info.plist */ = {isa = PBXFileReference; lastKnownFileType = text.plist.xml; path = Info.plist; sourceTree = "<group>"; };
		843B354728738F5C000F0978 /* test.mp4 */ = {isa = PBXFileReference; lastKnownFileType = file; path = test.mp4; sourceTree = "<group>"; };
		843B354B2873A717000F0978 /* Triangle.swift */ = {isa = PBXFileReference; lastKnownFileType = sourcecode.swift; path = Triangle.swift; sourceTree = "<group>"; };
		8459AFC1287634EC001049AE /* SimonWedgeView.swift */ = {isa = PBXFileReference; lastKnownFileType = sourcecode.swift; path = SimonWedgeView.swift; sourceTree = "<group>"; };
		8459AFC628764068001049AE /* VideoLooperView.swift */ = {isa = PBXFileReference; lastKnownFileType = sourcecode.swift; path = VideoLooperView.swift; sourceTree = "<group>"; };
		8459AFCA287641DB001049AE /* VideoPlayerView.swift */ = {isa = PBXFileReference; lastKnownFileType = sourcecode.swift; path = VideoPlayerView.swift; sourceTree = "<group>"; };
		8459AFCD28764273001049AE /* Sea.mp4 */ = {isa = PBXFileReference; lastKnownFileType = file; path = Sea.mp4; sourceTree = "<group>"; };
/* End PBXFileReference section */

/* Begin PBXFrameworksBuildPhase section */
		843B35222873802D000F0978 /* Frameworks */ = {
			isa = PBXFrameworksBuildPhase;
			buildActionMask = 2147483647;
			files = (
			);
			runOnlyForDeploymentPostprocessing = 0;
		};
/* End PBXFrameworksBuildPhase section */

/* Begin PBXGroup section */
		843B351C2873802C000F0978 = {
			isa = PBXGroup;
			children = (
				843B35272873802D000F0978 /* MobileTapInteractive */,
				843B35262873802D000F0978 /* Products */,
			);
			sourceTree = "<group>";
		};
		843B35262873802D000F0978 /* Products */ = {
			isa = PBXGroup;
			children = (
				843B35252873802D000F0978 /* MobileTapInteractive.app */,
			);
			name = Products;
			sourceTree = "<group>";
		};
		843B35272873802D000F0978 /* MobileTapInteractive */ = {
			isa = PBXGroup;
			children = (
				843B35282873802D000F0978 /* AppDelegate.swift */,
				843B352C2873802D000F0978 /* MainViewController.swift */,
				8459AFC628764068001049AE /* VideoLooperView.swift */,
				8459AFCA287641DB001049AE /* VideoPlayerView.swift */,
				8459AFC1287634EC001049AE /* SimonWedgeView.swift */,
				843B354B2873A717000F0978 /* Triangle.swift */,
				843B354728738F5C000F0978 /* test.mp4 */,
				8459AFCD28764273001049AE /* Sea.mp4 */,
				843B353128738030000F0978 /* Assets.xcassets */,
				843B353328738030000F0978 /* LaunchScreen.storyboard */,
				843B353628738030000F0978 /* Info.plist */,
			);
			path = MobileTapInteractive;
			sourceTree = "<group>";
		};
/* End PBXGroup section */

/* Begin PBXNativeTarget section */
		843B35242873802D000F0978 /* MobileTapInteractive */ = {
			isa = PBXNativeTarget;
			buildConfigurationList = 843B353928738030000F0978 /* Build configuration list for PBXNativeTarget "MobileTapInteractive" */;
			buildPhases = (
				843B35212873802D000F0978 /* Sources */,
				843B35222873802D000F0978 /* Frameworks */,
				843B35232873802D000F0978 /* Resources */,
			);
			buildRules = (
			);
			dependencies = (
			);
			name = MobileTapInteractive;
			productName = MobileTapInteractive;
			productReference = 843B35252873802D000F0978 /* MobileTapInteractive.app */;
			productType = "com.apple.product-type.application";
		};
/* End PBXNativeTarget section */

/* Begin PBXProject section */
		843B351D2873802C000F0978 /* Project object */ = {
			isa = PBXProject;
			attributes = {
				LastSwiftUpdateCheck = 1230;
				LastUpgradeCheck = 1230;
				TargetAttributes = {
					843B35242873802D000F0978 = {
						CreatedOnToolsVersion = 12.3;
					};
				};
			};
			buildConfigurationList = 843B35202873802C000F0978 /* Build configuration list for PBXProject "MobileTapInteractive" */;
			compatibilityVersion = "Xcode 9.3";
			developmentRegion = en;
			hasScannedForEncodings = 0;
			knownRegions = (
				en,
				Base,
			);
			mainGroup = 843B351C2873802C000F0978;
			productRefGroup = 843B35262873802D000F0978 /* Products */;
			projectDirPath = "";
			projectRoot = "";
			targets = (
				843B35242873802D000F0978 /* MobileTapInteractive */,
			);
		};
/* End PBXProject section */

/* Begin PBXResourcesBuildPhase section */
		843B35232873802D000F0978 /* Resources */ = {
			isa = PBXResourcesBuildPhase;
			buildActionMask = 2147483647;
			files = (
				843B353528738030000F0978 /* LaunchScreen.storyboard in Resources */,
				843B354928738F7E000F0978 /* test.mp4 in Resources */,
				843B353228738030000F0978 /* Assets.xcassets in Resources */,
				8459AFCE28764277001049AE /* Sea.mp4 in Resources */,
			);
			runOnlyForDeploymentPostprocessing = 0;
		};
/* End PBXResourcesBuildPhase section */

/* Begin PBXSourcesBuildPhase section */
		843B35212873802D000F0978 /* Sources */ = {
			isa = PBXSourcesBuildPhase;
			buildActionMask = 2147483647;
			files = (
				8459AFC2287634EC001049AE /* SimonWedgeView.swift in Sources */,
				843B352D2873802D000F0978 /* MainViewController.swift in Sources */,
				8459AFC728764068001049AE /* VideoLooperView.swift in Sources */,
				843B354C2873A717000F0978 /* Triangle.swift in Sources */,
				843B35292873802D000F0978 /* AppDelegate.swift in Sources */,
				8459AFCB287641DB001049AE /* VideoPlayerView.swift in Sources */,
			);
			runOnlyForDeploymentPostprocessing = 0;
		};
/* End PBXSourcesBuildPhase section */

/* Begin PBXVariantGroup section */
		843B353328738030000F0978 /* LaunchScreen.storyboard */ = {
			isa = PBXVariantGroup;
			children = (
				843B353428738030000F0978 /* Base */,
			);
			name = LaunchScreen.storyboard;
			sourceTree = "<group>";
		};
/* End PBXVariantGroup section */

/* Begin XCBuildConfiguration section */
		843B353728738030000F0978 /* Debug */ = {
			isa = XCBuildConfiguration;
			buildSettings = {
				ALWAYS_SEARCH_USER_PATHS = NO;
				CLANG_ANALYZER_NONNULL = YES;
				CLANG_ANALYZER_NUMBER_OBJECT_CONVERSION = YES_AGGRESSIVE;
				CLANG_CXX_LANGUAGE_STANDARD = "gnu++14";
				CLANG_CXX_LIBRARY = "libc++";
				CLANG_ENABLE_MODULES = YES;
				CLANG_ENABLE_OBJC_ARC = YES;
				CLANG_ENABLE_OBJC_WEAK = YES;
				CLANG_WARN_BLOCK_CAPTURE_AUTORELEASING = YES;
				CLANG_WARN_BOOL_CONVERSION = YES;
				CLANG_WARN_COMMA = YES;
				CLANG_WARN_CONSTANT_CONVERSION = YES;
				CLANG_WARN_DEPRECATED_OBJC_IMPLEMENTATIONS = YES;
				CLANG_WARN_DIRECT_OBJC_ISA_USAGE = YES_ERROR;
				CLANG_WARN_DOCUMENTATION_COMMENTS = YES;
				CLANG_WARN_EMPTY_BODY = YES;
				CLANG_WARN_ENUM_CONVERSION = YES;
				CLANG_WARN_INFINITE_RECURSION = YES;
				CLANG_WARN_INT_CONVERSION = YES;
				CLANG_WARN_NON_LITERAL_NULL_CONVERSION = YES;
				CLANG_WARN_OBJC_IMPLICIT_RETAIN_SELF = YES;
				CLANG_WARN_OBJC_LITERAL_CONVERSION = YES;
				CLANG_WARN_OBJC_ROOT_CLASS = YES_ERROR;
				CLANG_WARN_QUOTED_INCLUDE_IN_FRAMEWORK_HEADER = YES;
				CLANG_WARN_RANGE_LOOP_ANALYSIS = YES;
				CLANG_WARN_STRICT_PROTOTYPES = YES;
				CLANG_WARN_SUSPICIOUS_MOVE = YES;
				CLANG_WARN_UNGUARDED_AVAILABILITY = YES_AGGRESSIVE;
				CLANG_WARN_UNREACHABLE_CODE = YES;
				CLANG_WARN__DUPLICATE_METHOD_MATCH = YES;
				COPY_PHASE_STRIP = NO;
				DEBUG_INFORMATION_FORMAT = dwarf;
				ENABLE_STRICT_OBJC_MSGSEND = YES;
				ENABLE_TESTABILITY = YES;
				GCC_C_LANGUAGE_STANDARD = gnu11;
				GCC_DYNAMIC_NO_PIC = NO;
				GCC_NO_COMMON_BLOCKS = YES;
				GCC_OPTIMIZATION_LEVEL = 0;
				GCC_PREPROCESSOR_DEFINITIONS = (
					"DEBUG=1",
					"$(inherited)",
				);
				GCC_WARN_64_TO_32_BIT_CONVERSION = YES;
				GCC_WARN_ABOUT_RETURN_TYPE = YES_ERROR;
				GCC_WARN_UNDECLARED_SELECTOR = YES;
				GCC_WARN_UNINITIALIZED_AUTOS = YES_AGGRESSIVE;
				GCC_WARN_UNUSED_FUNCTION = YES;
				GCC_WARN_UNUSED_VARIABLE = YES;
				IPHONEOS_DEPLOYMENT_TARGET = 14.3;
				MTL_ENABLE_DEBUG_INFO = INCLUDE_SOURCE;
				MTL_FAST_MATH = YES;
				ONLY_ACTIVE_ARCH = YES;
				SDKROOT = iphoneos;
				SWIFT_ACTIVE_COMPILATION_CONDITIONS = DEBUG;
				SWIFT_OPTIMIZATION_LEVEL = "-Onone";
			};
			name = Debug;
		};
		843B353828738030000F0978 /* Release */ = {
			isa = XCBuildConfiguration;
			buildSettings = {
				ALWAYS_SEARCH_USER_PATHS = NO;
				CLANG_ANALYZER_NONNULL = YES;
				CLANG_ANALYZER_NUMBER_OBJECT_CONVERSION = YES_AGGRESSIVE;
				CLANG_CXX_LANGUAGE_STANDARD = "gnu++14";
				CLANG_CXX_LIBRARY = "libc++";
				CLANG_ENABLE_MODULES = YES;
				CLANG_ENABLE_OBJC_ARC = YES;
				CLANG_ENABLE_OBJC_WEAK = YES;
				CLANG_WARN_BLOCK_CAPTURE_AUTORELEASING = YES;
				CLANG_WARN_BOOL_CONVERSION = YES;
				CLANG_WARN_COMMA = YES;
				CLANG_WARN_CONSTANT_CONVERSION = YES;
				CLANG_WARN_DEPRECATED_OBJC_IMPLEMENTATIONS = YES;
				CLANG_WARN_DIRECT_OBJC_ISA_USAGE = YES_ERROR;
				CLANG_WARN_DOCUMENTATION_COMMENTS = YES;
				CLANG_WARN_EMPTY_BODY = YES;
				CLANG_WARN_ENUM_CONVERSION = YES;
				CLANG_WARN_INFINITE_RECURSION = YES;
				CLANG_WARN_INT_CONVERSION = YES;
				CLANG_WARN_NON_LITERAL_NULL_CONVERSION = YES;
				CLANG_WARN_OBJC_IMPLICIT_RETAIN_SELF = YES;
				CLANG_WARN_OBJC_LITERAL_CONVERSION = YES;
				CLANG_WARN_OBJC_ROOT_CLASS = YES_ERROR;
				CLANG_WARN_QUOTED_INCLUDE_IN_FRAMEWORK_HEADER = YES;
				CLANG_WARN_RANGE_LOOP_ANALYSIS = YES;
				CLANG_WARN_STRICT_PROTOTYPES = YES;
				CLANG_WARN_SUSPICIOUS_MOVE = YES;
				CLANG_WARN_UNGUARDED_AVAILABILITY = YES_AGGRESSIVE;
				CLANG_WARN_UNREACHABLE_CODE = YES;
				CLANG_WARN__DUPLICATE_METHOD_MATCH = YES;
				COPY_PHASE_STRIP = NO;
				DEBUG_INFORMATION_FORMAT = "dwarf-with-dsym";
				ENABLE_NS_ASSERTIONS = NO;
				ENABLE_STRICT_OBJC_MSGSEND = YES;
				GCC_C_LANGUAGE_STANDARD = gnu11;
				GCC_NO_COMMON_BLOCKS = YES;
				GCC_WARN_64_TO_32_BIT_CONVERSION = YES;
				GCC_WARN_ABOUT_RETURN_TYPE = YES_ERROR;
				GCC_WARN_UNDECLARED_SELECTOR = YES;
				GCC_WARN_UNINITIALIZED_AUTOS = YES_AGGRESSIVE;
				GCC_WARN_UNUSED_FUNCTION = YES;
				GCC_WARN_UNUSED_VARIABLE = YES;
				IPHONEOS_DEPLOYMENT_TARGET = 14.3;
				MTL_ENABLE_DEBUG_INFO = NO;
				MTL_FAST_MATH = YES;
				SDKROOT = iphoneos;
				SWIFT_COMPILATION_MODE = wholemodule;
				SWIFT_OPTIMIZATION_LEVEL = "-O";
				VALIDATE_PRODUCT = YES;
			};
			name = Release;
		};
		843B353A28738030000F0978 /* Debug */ = {
			isa = XCBuildConfiguration;
			buildSettings = {
				ASSETCATALOG_COMPILER_APPICON_NAME = AppIcon;
				ASSETCATALOG_COMPILER_GLOBAL_ACCENT_COLOR_NAME = AccentColor;
				CODE_SIGN_STYLE = Automatic;
				INFOPLIST_FILE = MobileTapInteractive/Info.plist;
				IPHONEOS_DEPLOYMENT_TARGET = 12.0;
				LD_RUNPATH_SEARCH_PATHS = (
					"$(inherited)",
					"@executable_path/Frameworks",
				);
				PRODUCT_BUNDLE_IDENTIFIER = "IOS-14.mirkitanov.MobileTapInteractive";
				PRODUCT_NAME = "$(TARGET_NAME)";
				SWIFT_VERSION = 5.0;
				TARGETED_DEVICE_FAMILY = 1;
			};
			name = Debug;
		};
		843B353B28738030000F0978 /* Release */ = {
			isa = XCBuildConfiguration;
			buildSettings = {
				ASSETCATALOG_COMPILER_APPICON_NAME = AppIcon;
				ASSETCATALOG_COMPILER_GLOBAL_ACCENT_COLOR_NAME = AccentColor;
				CODE_SIGN_STYLE = Automatic;
				INFOPLIST_FILE = MobileTapInteractive/Info.plist;
				IPHONEOS_DEPLOYMENT_TARGET = 12.0;
				LD_RUNPATH_SEARCH_PATHS = (
					"$(inherited)",
					"@executable_path/Frameworks",
				);
				PRODUCT_BUNDLE_IDENTIFIER = "IOS-14.mirkitanov.MobileTapInteractive";
				PRODUCT_NAME = "$(TARGET_NAME)";
				SWIFT_VERSION = 5.0;
				TARGETED_DEVICE_FAMILY = 1;
			};
			name = Release;
		};
/* End XCBuildConfiguration section */

/* Begin XCConfigurationList section */
		843B35202873802C000F0978 /* Build configuration list for PBXProject "MobileTapInteractive" */ = {
			isa = XCConfigurationList;
			buildConfigurations = (
				843B353728738030000F0978 /* Debug */,
				843B353828738030000F0978 /* Release */,
			);
			defaultConfigurationIsVisible = 0;
			defaultConfigurationName = Release;
		};
		843B353928738030000F0978 /* Build configuration list for PBXNativeTarget "MobileTapInteractive" */ = {
			isa = XCConfigurationList;
			buildConfigurations = (
				843B353A28738030000F0978 /* Debug */,
				843B353B28738030000F0978 /* Release */,
			);
			defaultConfigurationIsVisible = 0;
			defaultConfigurationName = Release;
		};
/* End XCConfigurationList section */
	};
	rootObject = 843B351D2873802C000F0978 /* Project object */;
}
